// !$*UTF8*$!
{
	archiveVersion = 1;
	classes = {
	};
	objectVersion = 56;
	objects = {

/* Begin PBXBuildFile section */
		302900452C569DD300E5E537 /* Kingfisher in Frameworks */ = {isa = PBXBuildFile; productRef = 302900442C569DD300E5E537 /* Kingfisher */; };
		302900482C5A31E700E5E537 /* SwiftKeychainWrapper in Frameworks */ = {isa = PBXBuildFile; productRef = 302900472C5A31E700E5E537 /* SwiftKeychainWrapper */; };
		3029004B2C5A391900E5E537 /* TabBarController.swift in Sources */ = {isa = PBXBuildFile; fileRef = 3029004A2C5A391900E5E537 /* TabBarController.swift */; };
		30504D402C0B4BCB00F77882 /* AppDelegate.swift in Sources */ = {isa = PBXBuildFile; fileRef = 30504D3F2C0B4BCB00F77882 /* AppDelegate.swift */; };
		30504D422C0B4BCB00F77882 /* SceneDelegate.swift in Sources */ = {isa = PBXBuildFile; fileRef = 30504D412C0B4BCB00F77882 /* SceneDelegate.swift */; };
		30504D442C0B4BCB00F77882 /* ImagesListViewController.swift in Sources */ = {isa = PBXBuildFile; fileRef = 30504D432C0B4BCB00F77882 /* ImagesListViewController.swift */; };
		30504D472C0B4BCB00F77882 /* Main.storyboard in Resources */ = {isa = PBXBuildFile; fileRef = 30504D452C0B4BCB00F77882 /* Main.storyboard */; };
		30504D492C0B4BCC00F77882 /* Assets.xcassets in Resources */ = {isa = PBXBuildFile; fileRef = 30504D482C0B4BCC00F77882 /* Assets.xcassets */; };
		30504D4C2C0B4BCC00F77882 /* LaunchScreen.storyboard in Resources */ = {isa = PBXBuildFile; fileRef = 30504D4A2C0B4BCC00F77882 /* LaunchScreen.storyboard */; };
		306937AB2C158B840048D091 /* ImagesListCell.swift in Sources */ = {isa = PBXBuildFile; fileRef = 306937AA2C158B840048D091 /* ImagesListCell.swift */; };
		306937AF2C1BF5140048D091 /* ProfileViewController.swift in Sources */ = {isa = PBXBuildFile; fileRef = 306937AE2C1BF5140048D091 /* ProfileViewController.swift */; };
		306937B22C1F63010048D091 /* SingleImageViewController.swift in Sources */ = {isa = PBXBuildFile; fileRef = 306937B12C1F63010048D091 /* SingleImageViewController.swift */; };
		30A1F3F52C5E7298000441F5 /* ImagesListService.swift in Sources */ = {isa = PBXBuildFile; fileRef = 30A1F3F42C5E7298000441F5 /* ImagesListService.swift */; };
		30A1F3F72C5E72BE000441F5 /* ImageListResponseBody.swift in Sources */ = {isa = PBXBuildFile; fileRef = 30A1F3F62C5E72BE000441F5 /* ImageListResponseBody.swift */; };
		30A1F4062C6A19A2000441F5 /* ProfileLogoutService.swift in Sources */ = {isa = PBXBuildFile; fileRef = 30A1F4052C6A19A2000441F5 /* ProfileLogoutService.swift */; };
		30A1F4082C74D734000441F5 /* WebViewPresenter.swift in Sources */ = {isa = PBXBuildFile; fileRef = 30A1F4072C74D734000441F5 /* WebViewPresenter.swift */; };
		30A1F40A2C763920000441F5 /* AuthHelper.swift in Sources */ = {isa = PBXBuildFile; fileRef = 30A1F4092C763920000441F5 /* AuthHelper.swift */; };
		30AB89DA2C359C62009AF835 /* AuthConfiguration.swift in Sources */ = {isa = PBXBuildFile; fileRef = 30AB89D92C359C62009AF835 /* AuthConfiguration.swift */; };
		30AB89DD2C37EC5E009AF835 /* AuthViewController.swift in Sources */ = {isa = PBXBuildFile; fileRef = 30AB89DC2C37EC5E009AF835 /* AuthViewController.swift */; };
		30AB89DF2C37EDD1009AF835 /* WebViewViewController.swift in Sources */ = {isa = PBXBuildFile; fileRef = 30AB89DE2C37EDD1009AF835 /* WebViewViewController.swift */; };
		30AF43182C47ECC000F51E91 /* ProgressHUD in Frameworks */ = {isa = PBXBuildFile; productRef = 30AF43172C47ECC000F51E91 /* ProgressHUD */; };
		30AF431A2C4956F400F51E91 /* UIBlockingProgressHUD.swift in Sources */ = {isa = PBXBuildFile; fileRef = 30AF43192C4956F400F51E91 /* UIBlockingProgressHUD.swift */; };
		30AF431F2C4A998D00F51E91 /* ProfileService.swift in Sources */ = {isa = PBXBuildFile; fileRef = 30AF431E2C4A998D00F51E91 /* ProfileService.swift */; };
		30B1B3892C763EB400EE4254 /* WebViewTests.swift in Sources */ = {isa = PBXBuildFile; fileRef = 30B1B3882C763EB400EE4254 /* WebViewTests.swift */; };
		30B1B3922C76403700EE4254 /* WebViewPresenterSpy.swift in Sources */ = {isa = PBXBuildFile; fileRef = 30B1B3902C76402400EE4254 /* WebViewPresenterSpy.swift */; };
		30B1B3942C76417D00EE4254 /* WebViewViewControllerSpy.swift in Sources */ = {isa = PBXBuildFile; fileRef = 30B1B3932C76417D00EE4254 /* WebViewViewControllerSpy.swift */; };
		30B1B3962C7646FB00EE4254 /* ProfilePresenter.swift in Sources */ = {isa = PBXBuildFile; fileRef = 30B1B3952C7646FB00EE4254 /* ProfilePresenter.swift */; };
		30E87F4A2C4D780300920AB5 /* ProfileServiceResponseBody.swift in Sources */ = {isa = PBXBuildFile; fileRef = 30E87F492C4D780300920AB5 /* ProfileServiceResponseBody.swift */; };
		30E87F4C2C539F0B00920AB5 /* ProfileImageService.swift in Sources */ = {isa = PBXBuildFile; fileRef = 30E87F4B2C539F0B00920AB5 /* ProfileImageService.swift */; };
		30F31BD62C3ECE780011FFFF /* OAuth2Service.swift in Sources */ = {isa = PBXBuildFile; fileRef = 30F31BD52C3ECE780011FFFF /* OAuth2Service.swift */; };
		30F31BD82C3ECEA00011FFFF /* OAuth2TokenStorage.swift in Sources */ = {isa = PBXBuildFile; fileRef = 30F31BD72C3ECEA00011FFFF /* OAuth2TokenStorage.swift */; };
		30F31BDA2C4121540011FFFF /* OAuthTokenResponseBody.swift in Sources */ = {isa = PBXBuildFile; fileRef = 30F31BD92C4121540011FFFF /* OAuthTokenResponseBody.swift */; };
		30F31BDC2C41251B0011FFFF /* URLSession+data.swift in Sources */ = {isa = PBXBuildFile; fileRef = 30F31BDB2C41251B0011FFFF /* URLSession+data.swift */; };
		30F31BDF2C42607A0011FFFF /* SplashViewController.swift in Sources */ = {isa = PBXBuildFile; fileRef = 30F31BDE2C42607A0011FFFF /* SplashViewController.swift */; };
/* End PBXBuildFile section */

/* Begin PBXContainerItemProxy section */
		30A1F4002C5E7C24000441F5 /* PBXContainerItemProxy */ = {
			isa = PBXContainerItemProxy;
			containerPortal = 30504D342C0B4BCB00F77882 /* Project object */;
			proxyType = 1;
			remoteGlobalIDString = 30504D3B2C0B4BCB00F77882;
			remoteInfo = "ImageFeed-IOS";
		};
		30B1B38A2C763EB400EE4254 /* PBXContainerItemProxy */ = {
			isa = PBXContainerItemProxy;
			containerPortal = 30504D342C0B4BCB00F77882 /* Project object */;
			proxyType = 1;
			remoteGlobalIDString = 30504D3B2C0B4BCB00F77882;
			remoteInfo = "ImageFeed-IOS";
		};
/* End PBXContainerItemProxy section */

/* Begin PBXFileReference section */
		3029004A2C5A391900E5E537 /* TabBarController.swift */ = {isa = PBXFileReference; lastKnownFileType = sourcecode.swift; path = TabBarController.swift; sourceTree = "<group>"; };
		30504D3C2C0B4BCB00F77882 /* ImageFeed-IOS.app */ = {isa = PBXFileReference; explicitFileType = wrapper.application; includeInIndex = 0; path = "ImageFeed-IOS.app"; sourceTree = BUILT_PRODUCTS_DIR; };
		30504D3F2C0B4BCB00F77882 /* AppDelegate.swift */ = {isa = PBXFileReference; lastKnownFileType = sourcecode.swift; path = AppDelegate.swift; sourceTree = "<group>"; };
		30504D412C0B4BCB00F77882 /* SceneDelegate.swift */ = {isa = PBXFileReference; lastKnownFileType = sourcecode.swift; path = SceneDelegate.swift; sourceTree = "<group>"; };
		30504D432C0B4BCB00F77882 /* ImagesListViewController.swift */ = {isa = PBXFileReference; lastKnownFileType = sourcecode.swift; path = ImagesListViewController.swift; sourceTree = "<group>"; };
		30504D462C0B4BCB00F77882 /* Base */ = {isa = PBXFileReference; lastKnownFileType = file.storyboard; name = Base; path = Base.lproj/Main.storyboard; sourceTree = "<group>"; };
		30504D482C0B4BCC00F77882 /* Assets.xcassets */ = {isa = PBXFileReference; lastKnownFileType = folder.assetcatalog; path = Assets.xcassets; sourceTree = "<group>"; };
		30504D4B2C0B4BCC00F77882 /* Base */ = {isa = PBXFileReference; lastKnownFileType = file.storyboard; name = Base; path = Base.lproj/LaunchScreen.storyboard; sourceTree = "<group>"; };
		30504D4D2C0B4BCC00F77882 /* Info.plist */ = {isa = PBXFileReference; lastKnownFileType = text.plist.xml; path = Info.plist; sourceTree = "<group>"; };
		306937AA2C158B840048D091 /* ImagesListCell.swift */ = {isa = PBXFileReference; lastKnownFileType = sourcecode.swift; path = ImagesListCell.swift; sourceTree = "<group>"; };
		306937AE2C1BF5140048D091 /* ProfileViewController.swift */ = {isa = PBXFileReference; lastKnownFileType = sourcecode.swift; path = ProfileViewController.swift; sourceTree = "<group>"; };
		306937B12C1F63010048D091 /* SingleImageViewController.swift */ = {isa = PBXFileReference; lastKnownFileType = sourcecode.swift; path = SingleImageViewController.swift; sourceTree = "<group>"; };
		30A1F3F42C5E7298000441F5 /* ImagesListService.swift */ = {isa = PBXFileReference; lastKnownFileType = sourcecode.swift; path = ImagesListService.swift; sourceTree = "<group>"; };
		30A1F3F62C5E72BE000441F5 /* ImageListResponseBody.swift */ = {isa = PBXFileReference; lastKnownFileType = sourcecode.swift; path = ImageListResponseBody.swift; sourceTree = "<group>"; };
		30A1F3FC2C5E7C24000441F5 /* ImageFeed-IOSTests.xctest */ = {isa = PBXFileReference; explicitFileType = wrapper.cfbundle; includeInIndex = 0; path = "ImageFeed-IOSTests.xctest"; sourceTree = BUILT_PRODUCTS_DIR; };
		30A1F4052C6A19A2000441F5 /* ProfileLogoutService.swift */ = {isa = PBXFileReference; lastKnownFileType = sourcecode.swift; path = ProfileLogoutService.swift; sourceTree = "<group>"; };
		30A1F4072C74D734000441F5 /* WebViewPresenter.swift */ = {isa = PBXFileReference; lastKnownFileType = sourcecode.swift; path = WebViewPresenter.swift; sourceTree = "<group>"; };
		30A1F4092C763920000441F5 /* AuthHelper.swift */ = {isa = PBXFileReference; lastKnownFileType = sourcecode.swift; path = AuthHelper.swift; sourceTree = "<group>"; };
		30AB89D92C359C62009AF835 /* AuthConfiguration.swift */ = {isa = PBXFileReference; lastKnownFileType = sourcecode.swift; path = AuthConfiguration.swift; sourceTree = "<group>"; };
		30AB89DC2C37EC5E009AF835 /* AuthViewController.swift */ = {isa = PBXFileReference; lastKnownFileType = sourcecode.swift; path = AuthViewController.swift; sourceTree = "<group>"; };
		30AB89DE2C37EDD1009AF835 /* WebViewViewController.swift */ = {isa = PBXFileReference; lastKnownFileType = sourcecode.swift; path = WebViewViewController.swift; sourceTree = "<group>"; };
		30AF43192C4956F400F51E91 /* UIBlockingProgressHUD.swift */ = {isa = PBXFileReference; lastKnownFileType = sourcecode.swift; path = UIBlockingProgressHUD.swift; sourceTree = "<group>"; };
		30AF431E2C4A998D00F51E91 /* ProfileService.swift */ = {isa = PBXFileReference; lastKnownFileType = sourcecode.swift; path = ProfileService.swift; sourceTree = "<group>"; };
		30B1B3862C763EB400EE4254 /* Image Feed-IOSTests.xctest */ = {isa = PBXFileReference; explicitFileType = wrapper.cfbundle; includeInIndex = 0; path = "Image Feed-IOSTests.xctest"; sourceTree = BUILT_PRODUCTS_DIR; };
		30B1B3882C763EB400EE4254 /* WebViewTests.swift */ = {isa = PBXFileReference; lastKnownFileType = sourcecode.swift; path = WebViewTests.swift; sourceTree = "<group>"; };
		30B1B3902C76402400EE4254 /* WebViewPresenterSpy.swift */ = {isa = PBXFileReference; lastKnownFileType = sourcecode.swift; path = WebViewPresenterSpy.swift; sourceTree = "<group>"; };
		30B1B3932C76417D00EE4254 /* WebViewViewControllerSpy.swift */ = {isa = PBXFileReference; lastKnownFileType = sourcecode.swift; path = WebViewViewControllerSpy.swift; sourceTree = "<group>"; };
		30B1B3952C7646FB00EE4254 /* ProfilePresenter.swift */ = {isa = PBXFileReference; lastKnownFileType = sourcecode.swift; path = ProfilePresenter.swift; sourceTree = "<group>"; };
		30E87F492C4D780300920AB5 /* ProfileServiceResponseBody.swift */ = {isa = PBXFileReference; lastKnownFileType = sourcecode.swift; path = ProfileServiceResponseBody.swift; sourceTree = "<group>"; };
		30E87F4B2C539F0B00920AB5 /* ProfileImageService.swift */ = {isa = PBXFileReference; lastKnownFileType = sourcecode.swift; path = ProfileImageService.swift; sourceTree = "<group>"; };
		30F31BD52C3ECE780011FFFF /* OAuth2Service.swift */ = {isa = PBXFileReference; lastKnownFileType = sourcecode.swift; path = OAuth2Service.swift; sourceTree = "<group>"; };
		30F31BD72C3ECEA00011FFFF /* OAuth2TokenStorage.swift */ = {isa = PBXFileReference; lastKnownFileType = sourcecode.swift; path = OAuth2TokenStorage.swift; sourceTree = "<group>"; };
		30F31BD92C4121540011FFFF /* OAuthTokenResponseBody.swift */ = {isa = PBXFileReference; lastKnownFileType = sourcecode.swift; path = OAuthTokenResponseBody.swift; sourceTree = "<group>"; };
		30F31BDB2C41251B0011FFFF /* URLSession+data.swift */ = {isa = PBXFileReference; lastKnownFileType = sourcecode.swift; path = "URLSession+data.swift"; sourceTree = "<group>"; };
		30F31BDE2C42607A0011FFFF /* SplashViewController.swift */ = {isa = PBXFileReference; lastKnownFileType = sourcecode.swift; path = SplashViewController.swift; sourceTree = "<group>"; };
/* End PBXFileReference section */

/* Begin PBXFrameworksBuildPhase section */
		30504D392C0B4BCB00F77882 /* Frameworks */ = {
			isa = PBXFrameworksBuildPhase;
			buildActionMask = 2147483647;
			files = (
				302900452C569DD300E5E537 /* Kingfisher in Frameworks */,
				30AF43182C47ECC000F51E91 /* ProgressHUD in Frameworks */,
				302900482C5A31E700E5E537 /* SwiftKeychainWrapper in Frameworks */,
			);
			runOnlyForDeploymentPostprocessing = 0;
		};
		30A1F3F92C5E7C24000441F5 /* Frameworks */ = {
			isa = PBXFrameworksBuildPhase;
			buildActionMask = 2147483647;
			files = (
			);
			runOnlyForDeploymentPostprocessing = 0;
		};
		30B1B3832C763EB400EE4254 /* Frameworks */ = {
			isa = PBXFrameworksBuildPhase;
			buildActionMask = 2147483647;
			files = (
			);
			runOnlyForDeploymentPostprocessing = 0;
		};
/* End PBXFrameworksBuildPhase section */

/* Begin PBXGroup section */
		302900492C5A38FA00E5E537 /* TabBar */ = {
			isa = PBXGroup;
			children = (
				3029004A2C5A391900E5E537 /* TabBarController.swift */,
			);
			path = TabBar;
			sourceTree = "<group>";
		};
		30504D332C0B4BCB00F77882 = {
			isa = PBXGroup;
			children = (
				30504D3E2C0B4BCB00F77882 /* ImageFeed-IOS */,
				30B1B3872C763EB400EE4254 /* Image Feed-IOSTests */,
				30504D3D2C0B4BCB00F77882 /* Products */,
			);
			sourceTree = "<group>";
		};
		30504D3D2C0B4BCB00F77882 /* Products */ = {
			isa = PBXGroup;
			children = (
				30504D3C2C0B4BCB00F77882 /* ImageFeed-IOS.app */,
				30A1F3FC2C5E7C24000441F5 /* ImageFeed-IOSTests.xctest */,
				30B1B3862C763EB400EE4254 /* Image Feed-IOSTests.xctest */,
			);
			name = Products;
			sourceTree = "<group>";
		};
		30504D3E2C0B4BCB00F77882 /* ImageFeed-IOS */ = {
			isa = PBXGroup;
			children = (
				30B1B38F2C763FF300EE4254 /* Web */,
				302900492C5A38FA00E5E537 /* TabBar */,
				30F31BDD2C42605F0011FFFF /* Splash */,
				30F31BD42C3ECDEC0011FFFF /* OAuth2 */,
				30AB89DB2C37EC49009AF835 /* Auth */,
				306937B02C1F62EA0048D091 /* SingleImage */,
				306937AD2C1BF4FA0048D091 /* Profile */,
				306937AC2C158BBB0048D091 /* ImagesList */,
				30504D3F2C0B4BCB00F77882 /* AppDelegate.swift */,
				30AF43192C4956F400F51E91 /* UIBlockingProgressHUD.swift */,
				30504D412C0B4BCB00F77882 /* SceneDelegate.swift */,
				30504D452C0B4BCB00F77882 /* Main.storyboard */,
				30504D482C0B4BCC00F77882 /* Assets.xcassets */,
				30504D4A2C0B4BCC00F77882 /* LaunchScreen.storyboard */,
				30504D4D2C0B4BCC00F77882 /* Info.plist */,
			);
			path = "ImageFeed-IOS";
			sourceTree = "<group>";
		};
		306937AC2C158BBB0048D091 /* ImagesList */ = {
			isa = PBXGroup;
			children = (
				30504D432C0B4BCB00F77882 /* ImagesListViewController.swift */,
				306937AA2C158B840048D091 /* ImagesListCell.swift */,
				30A1F3F42C5E7298000441F5 /* ImagesListService.swift */,
				30A1F3F62C5E72BE000441F5 /* ImageListResponseBody.swift */,
			);
			path = ImagesList;
			sourceTree = "<group>";
		};
		306937AD2C1BF4FA0048D091 /* Profile */ = {
			isa = PBXGroup;
			children = (
				306937AE2C1BF5140048D091 /* ProfileViewController.swift */,
				30B1B3952C7646FB00EE4254 /* ProfilePresenter.swift */,
				30AF431E2C4A998D00F51E91 /* ProfileService.swift */,
				30E87F492C4D780300920AB5 /* ProfileServiceResponseBody.swift */,
				30E87F4B2C539F0B00920AB5 /* ProfileImageService.swift */,
				30A1F4052C6A19A2000441F5 /* ProfileLogoutService.swift */,
			);
			path = Profile;
			sourceTree = "<group>";
		};
		306937B02C1F62EA0048D091 /* SingleImage */ = {
			isa = PBXGroup;
			children = (
				306937B12C1F63010048D091 /* SingleImageViewController.swift */,
			);
			path = SingleImage;
			sourceTree = "<group>";
		};
		30AB89DB2C37EC49009AF835 /* Auth */ = {
			isa = PBXGroup;
			children = (
				30AB89DC2C37EC5E009AF835 /* AuthViewController.swift */,
				30AB89D92C359C62009AF835 /* AuthConfiguration.swift */,
				30A1F4092C763920000441F5 /* AuthHelper.swift */,
			);
			path = Auth;
			sourceTree = "<group>";
		};
		30B1B3872C763EB400EE4254 /* Image Feed-IOSTests */ = {
			isa = PBXGroup;
			children = (
				30B1B3882C763EB400EE4254 /* WebViewTests.swift */,
				30B1B3902C76402400EE4254 /* WebViewPresenterSpy.swift */,
				30B1B3932C76417D00EE4254 /* WebViewViewControllerSpy.swift */,
			);
			path = "Image Feed-IOSTests";
			sourceTree = "<group>";
		};
		30B1B38F2C763FF300EE4254 /* Web */ = {
			isa = PBXGroup;
			children = (
				30AB89DE2C37EDD1009AF835 /* WebViewViewController.swift */,
				30A1F4072C74D734000441F5 /* WebViewPresenter.swift */,
			);
			path = Web;
			sourceTree = "<group>";
		};
		30F31BD42C3ECDEC0011FFFF /* OAuth2 */ = {
			isa = PBXGroup;
			children = (
				30F31BD52C3ECE780011FFFF /* OAuth2Service.swift */,
				30F31BD72C3ECEA00011FFFF /* OAuth2TokenStorage.swift */,
				30F31BD92C4121540011FFFF /* OAuthTokenResponseBody.swift */,
				30F31BDB2C41251B0011FFFF /* URLSession+data.swift */,
			);
			path = OAuth2;
			sourceTree = "<group>";
		};
		30F31BDD2C42605F0011FFFF /* Splash */ = {
			isa = PBXGroup;
			children = (
				30F31BDE2C42607A0011FFFF /* SplashViewController.swift */,
			);
			path = Splash;
			sourceTree = "<group>";
		};
/* End PBXGroup section */

/* Begin PBXNativeTarget section */
		30504D3B2C0B4BCB00F77882 /* ImageFeed-IOS */ = {
			isa = PBXNativeTarget;
			buildConfigurationList = 30504D502C0B4BCC00F77882 /* Build configuration list for PBXNativeTarget "ImageFeed-IOS" */;
			buildPhases = (
				30504D382C0B4BCB00F77882 /* Sources */,
				30504D392C0B4BCB00F77882 /* Frameworks */,
				30504D3A2C0B4BCB00F77882 /* Resources */,
			);
			buildRules = (
			);
			dependencies = (
			);
			name = "ImageFeed-IOS";
			packageProductDependencies = (
				30AF43172C47ECC000F51E91 /* ProgressHUD */,
				302900442C569DD300E5E537 /* Kingfisher */,
				302900472C5A31E700E5E537 /* SwiftKeychainWrapper */,
			);
			productName = "ImageFeed-IOS";
			productReference = 30504D3C2C0B4BCB00F77882 /* ImageFeed-IOS.app */;
			productType = "com.apple.product-type.application";
		};
		30A1F3FB2C5E7C24000441F5 /* ImageFeed-IOSTests */ = {
			isa = PBXNativeTarget;
			buildConfigurationList = 30A1F4022C5E7C24000441F5 /* Build configuration list for PBXNativeTarget "ImageFeed-IOSTests" */;
			buildPhases = (
				30A1F3F82C5E7C24000441F5 /* Sources */,
				30A1F3F92C5E7C24000441F5 /* Frameworks */,
				30A1F3FA2C5E7C24000441F5 /* Resources */,
			);
			buildRules = (
			);
			dependencies = (
				30A1F4012C5E7C24000441F5 /* PBXTargetDependency */,
			);
			name = "ImageFeed-IOSTests";
			productName = "ImageFeed-IOSTests";
			productReference = 30A1F3FC2C5E7C24000441F5 /* ImageFeed-IOSTests.xctest */;
			productType = "com.apple.product-type.bundle.unit-test";
		};
		30B1B3852C763EB400EE4254 /* Image Feed-IOSTests */ = {
			isa = PBXNativeTarget;
			buildConfigurationList = 30B1B38E2C763EB400EE4254 /* Build configuration list for PBXNativeTarget "Image Feed-IOSTests" */;
			buildPhases = (
				30B1B3822C763EB400EE4254 /* Sources */,
				30B1B3832C763EB400EE4254 /* Frameworks */,
				30B1B3842C763EB400EE4254 /* Resources */,
			);
			buildRules = (
			);
			dependencies = (
				30B1B38B2C763EB400EE4254 /* PBXTargetDependency */,
			);
			name = "Image Feed-IOSTests";
			productName = "Image Feed-IOSTests";
			productReference = 30B1B3862C763EB400EE4254 /* Image Feed-IOSTests.xctest */;
			productType = "com.apple.product-type.bundle.unit-test";
		};
/* End PBXNativeTarget section */

/* Begin PBXProject section */
		30504D342C0B4BCB00F77882 /* Project object */ = {
			isa = PBXProject;
			attributes = {
				BuildIndependentTargetsInParallel = 1;
				LastSwiftUpdateCheck = 1540;
				LastUpgradeCheck = 1520;
				TargetAttributes = {
					30504D3B2C0B4BCB00F77882 = {
						CreatedOnToolsVersion = 15.2;
					};
					30A1F3FB2C5E7C24000441F5 = {
						CreatedOnToolsVersion = 15.4;
						TestTargetID = 30504D3B2C0B4BCB00F77882;
					};
					30B1B3852C763EB400EE4254 = {
						CreatedOnToolsVersion = 15.4;
						TestTargetID = 30504D3B2C0B4BCB00F77882;
					};
				};
			};
			buildConfigurationList = 30504D372C0B4BCB00F77882 /* Build configuration list for PBXProject "ImageFeed-IOS" */;
			compatibilityVersion = "Xcode 14.0";
			developmentRegion = en;
			hasScannedForEncodings = 0;
			knownRegions = (
				en,
				Base,
			);
			mainGroup = 30504D332C0B4BCB00F77882;
			packageReferences = (
				30AF43162C47ECC000F51E91 /* XCRemoteSwiftPackageReference "ProgressHUD" */,
				302900432C569DD300E5E537 /* XCRemoteSwiftPackageReference "Kingfisher" */,
				302900462C5A31E700E5E537 /* XCRemoteSwiftPackageReference "SwiftKeychainWrapper" */,
			);
			productRefGroup = 30504D3D2C0B4BCB00F77882 /* Products */;
			projectDirPath = "";
			projectRoot = "";
			targets = (
				30504D3B2C0B4BCB00F77882 /* ImageFeed-IOS */,
				30A1F3FB2C5E7C24000441F5 /* ImageFeed-IOSTests */,
				30B1B3852C763EB400EE4254 /* Image Feed-IOSTests */,
			);
		};
/* End PBXProject section */

/* Begin PBXResourcesBuildPhase section */
		30504D3A2C0B4BCB00F77882 /* Resources */ = {
			isa = PBXResourcesBuildPhase;
			buildActionMask = 2147483647;
			files = (
				30504D4C2C0B4BCC00F77882 /* LaunchScreen.storyboard in Resources */,
				30504D492C0B4BCC00F77882 /* Assets.xcassets in Resources */,
				30504D472C0B4BCB00F77882 /* Main.storyboard in Resources */,
			);
			runOnlyForDeploymentPostprocessing = 0;
		};
		30A1F3FA2C5E7C24000441F5 /* Resources */ = {
			isa = PBXResourcesBuildPhase;
			buildActionMask = 2147483647;
			files = (
			);
			runOnlyForDeploymentPostprocessing = 0;
		};
		30B1B3842C763EB400EE4254 /* Resources */ = {
			isa = PBXResourcesBuildPhase;
			buildActionMask = 2147483647;
			files = (
			);
			runOnlyForDeploymentPostprocessing = 0;
		};
/* End PBXResourcesBuildPhase section */

/* Begin PBXSourcesBuildPhase section */
		30504D382C0B4BCB00F77882 /* Sources */ = {
			isa = PBXSourcesBuildPhase;
			buildActionMask = 2147483647;
			files = (
				30504D442C0B4BCB00F77882 /* ImagesListViewController.swift in Sources */,
				30AF431F2C4A998D00F51E91 /* ProfileService.swift in Sources */,
				30F31BDC2C41251B0011FFFF /* URLSession+data.swift in Sources */,
				306937AB2C158B840048D091 /* ImagesListCell.swift in Sources */,
				30A1F4082C74D734000441F5 /* WebViewPresenter.swift in Sources */,
				30A1F40A2C763920000441F5 /* AuthHelper.swift in Sources */,
				306937AF2C1BF5140048D091 /* ProfileViewController.swift in Sources */,
				30A1F4062C6A19A2000441F5 /* ProfileLogoutService.swift in Sources */,
				30A1F3F52C5E7298000441F5 /* ImagesListService.swift in Sources */,
				30504D402C0B4BCB00F77882 /* AppDelegate.swift in Sources */,
				30F31BDF2C42607A0011FFFF /* SplashViewController.swift in Sources */,
				30A1F3F72C5E72BE000441F5 /* ImageListResponseBody.swift in Sources */,
				30F31BDA2C4121540011FFFF /* OAuthTokenResponseBody.swift in Sources */,
				30F31BD82C3ECEA00011FFFF /* OAuth2TokenStorage.swift in Sources */,
				30E87F4A2C4D780300920AB5 /* ProfileServiceResponseBody.swift in Sources */,
				3029004B2C5A391900E5E537 /* TabBarController.swift in Sources */,
				30AF431A2C4956F400F51E91 /* UIBlockingProgressHUD.swift in Sources */,
				30AB89DD2C37EC5E009AF835 /* AuthViewController.swift in Sources */,
				30B1B3962C7646FB00EE4254 /* ProfilePresenter.swift in Sources */,
				30AB89DA2C359C62009AF835 /* AuthConfiguration.swift in Sources */,
				306937B22C1F63010048D091 /* SingleImageViewController.swift in Sources */,
				30AB89DF2C37EDD1009AF835 /* WebViewViewController.swift in Sources */,
				30E87F4C2C539F0B00920AB5 /* ProfileImageService.swift in Sources */,
				30F31BD62C3ECE780011FFFF /* OAuth2Service.swift in Sources */,
				30504D422C0B4BCB00F77882 /* SceneDelegate.swift in Sources */,
			);
			runOnlyForDeploymentPostprocessing = 0;
		};
		30A1F3F82C5E7C24000441F5 /* Sources */ = {
			isa = PBXSourcesBuildPhase;
			buildActionMask = 2147483647;
			files = (
			);
			runOnlyForDeploymentPostprocessing = 0;
		};
		30B1B3822C763EB400EE4254 /* Sources */ = {
			isa = PBXSourcesBuildPhase;
			buildActionMask = 2147483647;
			files = (
				30B1B3892C763EB400EE4254 /* WebViewTests.swift in Sources */,
				30B1B3942C76417D00EE4254 /* WebViewViewControllerSpy.swift in Sources */,
				30B1B3922C76403700EE4254 /* WebViewPresenterSpy.swift in Sources */,
			);
			runOnlyForDeploymentPostprocessing = 0;
		};
/* End PBXSourcesBuildPhase section */

/* Begin PBXTargetDependency section */
		30A1F4012C5E7C24000441F5 /* PBXTargetDependency */ = {
			isa = PBXTargetDependency;
			target = 30504D3B2C0B4BCB00F77882 /* ImageFeed-IOS */;
			targetProxy = 30A1F4002C5E7C24000441F5 /* PBXContainerItemProxy */;
		};
		30B1B38B2C763EB400EE4254 /* PBXTargetDependency */ = {
			isa = PBXTargetDependency;
			target = 30504D3B2C0B4BCB00F77882 /* ImageFeed-IOS */;
			targetProxy = 30B1B38A2C763EB400EE4254 /* PBXContainerItemProxy */;
		};
/* End PBXTargetDependency section */

/* Begin PBXVariantGroup section */
		30504D452C0B4BCB00F77882 /* Main.storyboard */ = {
			isa = PBXVariantGroup;
			children = (
				30504D462C0B4BCB00F77882 /* Base */,
			);
			name = Main.storyboard;
			sourceTree = "<group>";
		};
		30504D4A2C0B4BCC00F77882 /* LaunchScreen.storyboard */ = {
			isa = PBXVariantGroup;
			children = (
				30504D4B2C0B4BCC00F77882 /* Base */,
			);
			name = LaunchScreen.storyboard;
			sourceTree = "<group>";
		};
/* End PBXVariantGroup section */

/* Begin XCBuildConfiguration section */
		30504D4E2C0B4BCC00F77882 /* Debug */ = {
			isa = XCBuildConfiguration;
			buildSettings = {
				ALWAYS_SEARCH_USER_PATHS = NO;
				ASSETCATALOG_COMPILER_GENERATE_SWIFT_ASSET_SYMBOL_EXTENSIONS = YES;
				CLANG_ANALYZER_NONNULL = YES;
				CLANG_ANALYZER_NUMBER_OBJECT_CONVERSION = YES_AGGRESSIVE;
				CLANG_CXX_LANGUAGE_STANDARD = "gnu++20";
				CLANG_ENABLE_MODULES = YES;
				CLANG_ENABLE_OBJC_ARC = YES;
				CLANG_ENABLE_OBJC_WEAK = YES;
				CLANG_WARN_BLOCK_CAPTURE_AUTORELEASING = YES;
				CLANG_WARN_BOOL_CONVERSION = YES;
				CLANG_WARN_COMMA = YES;
				CLANG_WARN_CONSTANT_CONVERSION = YES;
				CLANG_WARN_DEPRECATED_OBJC_IMPLEMENTATIONS = YES;
				CLANG_WARN_DIRECT_OBJC_ISA_USAGE = YES_ERROR;
				CLANG_WARN_DOCUMENTATION_COMMENTS = YES;
				CLANG_WARN_EMPTY_BODY = YES;
				CLANG_WARN_ENUM_CONVERSION = YES;
				CLANG_WARN_INFINITE_RECURSION = YES;
				CLANG_WARN_INT_CONVERSION = YES;
				CLANG_WARN_NON_LITERAL_NULL_CONVERSION = YES;
				CLANG_WARN_OBJC_IMPLICIT_RETAIN_SELF = YES;
				CLANG_WARN_OBJC_LITERAL_CONVERSION = YES;
				CLANG_WARN_OBJC_ROOT_CLASS = YES_ERROR;
				CLANG_WARN_QUOTED_INCLUDE_IN_FRAMEWORK_HEADER = YES;
				CLANG_WARN_RANGE_LOOP_ANALYSIS = YES;
				CLANG_WARN_STRICT_PROTOTYPES = YES;
				CLANG_WARN_SUSPICIOUS_MOVE = YES;
				CLANG_WARN_UNGUARDED_AVAILABILITY = YES_AGGRESSIVE;
				CLANG_WARN_UNREACHABLE_CODE = YES;
				CLANG_WARN__DUPLICATE_METHOD_MATCH = YES;
				COPY_PHASE_STRIP = NO;
				DEBUG_INFORMATION_FORMAT = dwarf;
				ENABLE_STRICT_OBJC_MSGSEND = YES;
				ENABLE_TESTABILITY = YES;
				ENABLE_USER_SCRIPT_SANDBOXING = YES;
				GCC_C_LANGUAGE_STANDARD = gnu17;
				GCC_DYNAMIC_NO_PIC = NO;
				GCC_NO_COMMON_BLOCKS = YES;
				GCC_OPTIMIZATION_LEVEL = 0;
				GCC_PREPROCESSOR_DEFINITIONS = (
					"DEBUG=1",
					"$(inherited)",
				);
				GCC_WARN_64_TO_32_BIT_CONVERSION = YES;
				GCC_WARN_ABOUT_RETURN_TYPE = YES_ERROR;
				GCC_WARN_UNDECLARED_SELECTOR = YES;
				GCC_WARN_UNINITIALIZED_AUTOS = YES_AGGRESSIVE;
				GCC_WARN_UNUSED_FUNCTION = YES;
				GCC_WARN_UNUSED_VARIABLE = YES;
				IPHONEOS_DEPLOYMENT_TARGET = 17.2;
				LOCALIZATION_PREFERS_STRING_CATALOGS = YES;
				MTL_ENABLE_DEBUG_INFO = INCLUDE_SOURCE;
				MTL_FAST_MATH = YES;
				ONLY_ACTIVE_ARCH = YES;
				SDKROOT = iphoneos;
				SWIFT_ACTIVE_COMPILATION_CONDITIONS = "DEBUG $(inherited)";
				SWIFT_OPTIMIZATION_LEVEL = "-Onone";
			};
			name = Debug;
		};
		30504D4F2C0B4BCC00F77882 /* Release */ = {
			isa = XCBuildConfiguration;
			buildSettings = {
				ALWAYS_SEARCH_USER_PATHS = NO;
				ASSETCATALOG_COMPILER_GENERATE_SWIFT_ASSET_SYMBOL_EXTENSIONS = YES;
				CLANG_ANALYZER_NONNULL = YES;
				CLANG_ANALYZER_NUMBER_OBJECT_CONVERSION = YES_AGGRESSIVE;
				CLANG_CXX_LANGUAGE_STANDARD = "gnu++20";
				CLANG_ENABLE_MODULES = YES;
				CLANG_ENABLE_OBJC_ARC = YES;
				CLANG_ENABLE_OBJC_WEAK = YES;
				CLANG_WARN_BLOCK_CAPTURE_AUTORELEASING = YES;
				CLANG_WARN_BOOL_CONVERSION = YES;
				CLANG_WARN_COMMA = YES;
				CLANG_WARN_CONSTANT_CONVERSION = YES;
				CLANG_WARN_DEPRECATED_OBJC_IMPLEMENTATIONS = YES;
				CLANG_WARN_DIRECT_OBJC_ISA_USAGE = YES_ERROR;
				CLANG_WARN_DOCUMENTATION_COMMENTS = YES;
				CLANG_WARN_EMPTY_BODY = YES;
				CLANG_WARN_ENUM_CONVERSION = YES;
				CLANG_WARN_INFINITE_RECURSION = YES;
				CLANG_WARN_INT_CONVERSION = YES;
				CLANG_WARN_NON_LITERAL_NULL_CONVERSION = YES;
				CLANG_WARN_OBJC_IMPLICIT_RETAIN_SELF = YES;
				CLANG_WARN_OBJC_LITERAL_CONVERSION = YES;
				CLANG_WARN_OBJC_ROOT_CLASS = YES_ERROR;
				CLANG_WARN_QUOTED_INCLUDE_IN_FRAMEWORK_HEADER = YES;
				CLANG_WARN_RANGE_LOOP_ANALYSIS = YES;
				CLANG_WARN_STRICT_PROTOTYPES = YES;
				CLANG_WARN_SUSPICIOUS_MOVE = YES;
				CLANG_WARN_UNGUARDED_AVAILABILITY = YES_AGGRESSIVE;
				CLANG_WARN_UNREACHABLE_CODE = YES;
				CLANG_WARN__DUPLICATE_METHOD_MATCH = YES;
				COPY_PHASE_STRIP = NO;
				DEBUG_INFORMATION_FORMAT = "dwarf-with-dsym";
				ENABLE_NS_ASSERTIONS = NO;
				ENABLE_STRICT_OBJC_MSGSEND = YES;
				ENABLE_USER_SCRIPT_SANDBOXING = YES;
				GCC_C_LANGUAGE_STANDARD = gnu17;
				GCC_NO_COMMON_BLOCKS = YES;
				GCC_WARN_64_TO_32_BIT_CONVERSION = YES;
				GCC_WARN_ABOUT_RETURN_TYPE = YES_ERROR;
				GCC_WARN_UNDECLARED_SELECTOR = YES;
				GCC_WARN_UNINITIALIZED_AUTOS = YES_AGGRESSIVE;
				GCC_WARN_UNUSED_FUNCTION = YES;
				GCC_WARN_UNUSED_VARIABLE = YES;
				IPHONEOS_DEPLOYMENT_TARGET = 17.2;
				LOCALIZATION_PREFERS_STRING_CATALOGS = YES;
				MTL_ENABLE_DEBUG_INFO = NO;
				MTL_FAST_MATH = YES;
				SDKROOT = iphoneos;
				SWIFT_COMPILATION_MODE = wholemodule;
				VALIDATE_PRODUCT = YES;
			};
			name = Release;
		};
		30504D512C0B4BCC00F77882 /* Debug */ = {
			isa = XCBuildConfiguration;
			buildSettings = {
				ASSETCATALOG_COMPILER_APPICON_NAME = AppIcon;
				ASSETCATALOG_COMPILER_GLOBAL_ACCENT_COLOR_NAME = AccentColor;
				CODE_SIGN_STYLE = Automatic;
				CURRENT_PROJECT_VERSION = 1;
				DEVELOPMENT_TEAM = D43J355YJK;
				GENERATE_INFOPLIST_FILE = YES;
				INFOPLIST_FILE = "ImageFeed-IOS/Info.plist";
				INFOPLIST_KEY_UIApplicationSupportsIndirectInputEvents = YES;
				INFOPLIST_KEY_UILaunchStoryboardName = LaunchScreen;
				INFOPLIST_KEY_UIMainStoryboardFile = Main;
				INFOPLIST_KEY_UISupportedInterfaceOrientations_iPad = "UIInterfaceOrientationPortrait UIInterfaceOrientationPortraitUpsideDown UIInterfaceOrientationLandscapeLeft UIInterfaceOrientationLandscapeRight";
				INFOPLIST_KEY_UISupportedInterfaceOrientations_iPhone = UIInterfaceOrientationPortrait;
				IPHONEOS_DEPLOYMENT_TARGET = 13.0;
				LD_RUNPATH_SEARCH_PATHS = (
					"$(inherited)",
					"@executable_path/Frameworks",
				);
				MARKETING_VERSION = 1.0;
				PRODUCT_BUNDLE_IDENTIFIER = "ru.DemiDevv.ImageFeed-IOS";
				PRODUCT_NAME = "$(TARGET_NAME)";
				SUPPORTED_PLATFORMS = "iphoneos iphonesimulator";
				SUPPORTS_MACCATALYST = NO;
				SUPPORTS_MAC_DESIGNED_FOR_IPHONE_IPAD = NO;
				SUPPORTS_XR_DESIGNED_FOR_IPHONE_IPAD = NO;
				SWIFT_EMIT_LOC_STRINGS = YES;
				SWIFT_VERSION = 5.0;
				TARGETED_DEVICE_FAMILY = 1;
			};
			name = Debug;
		};
		30504D522C0B4BCC00F77882 /* Release */ = {
			isa = XCBuildConfiguration;
			buildSettings = {
				ASSETCATALOG_COMPILER_APPICON_NAME = AppIcon;
				ASSETCATALOG_COMPILER_GLOBAL_ACCENT_COLOR_NAME = AccentColor;
				CODE_SIGN_STYLE = Automatic;
				CURRENT_PROJECT_VERSION = 1;
				DEVELOPMENT_TEAM = D43J355YJK;
				GENERATE_INFOPLIST_FILE = YES;
				INFOPLIST_FILE = "ImageFeed-IOS/Info.plist";
				INFOPLIST_KEY_UIApplicationSupportsIndirectInputEvents = YES;
				INFOPLIST_KEY_UILaunchStoryboardName = LaunchScreen;
				INFOPLIST_KEY_UIMainStoryboardFile = Main;
				INFOPLIST_KEY_UISupportedInterfaceOrientations_iPad = "UIInterfaceOrientationPortrait UIInterfaceOrientationPortraitUpsideDown UIInterfaceOrientationLandscapeLeft UIInterfaceOrientationLandscapeRight";
				INFOPLIST_KEY_UISupportedInterfaceOrientations_iPhone = UIInterfaceOrientationPortrait;
				IPHONEOS_DEPLOYMENT_TARGET = 13.0;
				LD_RUNPATH_SEARCH_PATHS = (
					"$(inherited)",
					"@executable_path/Frameworks",
				);
				MARKETING_VERSION = 1.0;
				PRODUCT_BUNDLE_IDENTIFIER = "ru.DemiDevv.ImageFeed-IOS";
				PRODUCT_NAME = "$(TARGET_NAME)";
				SUPPORTED_PLATFORMS = "iphoneos iphonesimulator";
				SUPPORTS_MACCATALYST = NO;
				SUPPORTS_MAC_DESIGNED_FOR_IPHONE_IPAD = NO;
				SUPPORTS_XR_DESIGNED_FOR_IPHONE_IPAD = NO;
				SWIFT_EMIT_LOC_STRINGS = YES;
				SWIFT_VERSION = 5.0;
				TARGETED_DEVICE_FAMILY = 1;
			};
			name = Release;
		};
		30A1F4032C5E7C24000441F5 /* Debug */ = {
			isa = XCBuildConfiguration;
			buildSettings = {
				BUNDLE_LOADER = "$(TEST_HOST)";
				CODE_SIGN_STYLE = Automatic;
				CURRENT_PROJECT_VERSION = 1;
				DEVELOPMENT_TEAM = D43J355YJK;
				GENERATE_INFOPLIST_FILE = YES;
				IPHONEOS_DEPLOYMENT_TARGET = 17.5;
				MARKETING_VERSION = 1.0;
				PRODUCT_BUNDLE_IDENTIFIER = "ru.DemiDevv.ImageFeed-IOSTests";
				PRODUCT_NAME = "$(TARGET_NAME)";
				SWIFT_EMIT_LOC_STRINGS = NO;
				SWIFT_VERSION = 5.0;
				TARGETED_DEVICE_FAMILY = "1,2";
				TEST_HOST = "$(BUILT_PRODUCTS_DIR)/ImageFeed-IOS.app/$(BUNDLE_EXECUTABLE_FOLDER_PATH)/ImageFeed-IOS";
			};
			name = Debug;
		};
		30A1F4042C5E7C24000441F5 /* Release */ = {
			isa = XCBuildConfiguration;
			buildSettings = {
				BUNDLE_LOADER = "$(TEST_HOST)";
				CODE_SIGN_STYLE = Automatic;
				CURRENT_PROJECT_VERSION = 1;
				DEVELOPMENT_TEAM = D43J355YJK;
				GENERATE_INFOPLIST_FILE = YES;
				IPHONEOS_DEPLOYMENT_TARGET = 17.5;
				MARKETING_VERSION = 1.0;
				PRODUCT_BUNDLE_IDENTIFIER = "ru.DemiDevv.ImageFeed-IOSTests";
				PRODUCT_NAME = "$(TARGET_NAME)";
				SWIFT_EMIT_LOC_STRINGS = NO;
				SWIFT_VERSION = 5.0;
				TARGETED_DEVICE_FAMILY = "1,2";
				TEST_HOST = "$(BUILT_PRODUCTS_DIR)/ImageFeed-IOS.app/$(BUNDLE_EXECUTABLE_FOLDER_PATH)/ImageFeed-IOS";
			};
			name = Release;
		};
		30B1B38C2C763EB400EE4254 /* Debug */ = {
			isa = XCBuildConfiguration;
			buildSettings = {
				BUNDLE_LOADER = "$(TEST_HOST)";
				CODE_SIGN_STYLE = Automatic;
				CURRENT_PROJECT_VERSION = 1;
				GENERATE_INFOPLIST_FILE = YES;
				IPHONEOS_DEPLOYMENT_TARGET = 17.5;
				MARKETING_VERSION = 1.0;
				PRODUCT_BUNDLE_IDENTIFIER = "ru.DemiDevv.yandex.Image-Feed-IOSTests";
				PRODUCT_NAME = "$(TARGET_NAME)";
				SWIFT_EMIT_LOC_STRINGS = NO;
				SWIFT_VERSION = 5.0;
				TARGETED_DEVICE_FAMILY = "1,2";
				TEST_HOST = "$(BUILT_PRODUCTS_DIR)/ImageFeed-IOS.app/$(BUNDLE_EXECUTABLE_FOLDER_PATH)/ImageFeed-IOS";
			};
			name = Debug;
		};
		30B1B38D2C763EB400EE4254 /* Release */ = {
			isa = XCBuildConfiguration;
			buildSettings = {
				BUNDLE_LOADER = "$(TEST_HOST)";
				CODE_SIGN_STYLE = Automatic;
				CURRENT_PROJECT_VERSION = 1;
				GENERATE_INFOPLIST_FILE = YES;
				IPHONEOS_DEPLOYMENT_TARGET = 17.5;
				MARKETING_VERSION = 1.0;
				PRODUCT_BUNDLE_IDENTIFIER = "ru.DemiDevv.yandex.Image-Feed-IOSTests";
				PRODUCT_NAME = "$(TARGET_NAME)";
				SWIFT_EMIT_LOC_STRINGS = NO;
				SWIFT_VERSION = 5.0;
				TARGETED_DEVICE_FAMILY = "1,2";
				TEST_HOST = "$(BUILT_PRODUCTS_DIR)/ImageFeed-IOS.app/$(BUNDLE_EXECUTABLE_FOLDER_PATH)/ImageFeed-IOS";
			};
			name = Release;
		};
/* End XCBuildConfiguration section */

/* Begin XCConfigurationList section */
		30504D372C0B4BCB00F77882 /* Build configuration list for PBXProject "ImageFeed-IOS" */ = {
			isa = XCConfigurationList;
			buildConfigurations = (
				30504D4E2C0B4BCC00F77882 /* Debug */,
				30504D4F2C0B4BCC00F77882 /* Release */,
			);
			defaultConfigurationIsVisible = 0;
			defaultConfigurationName = Release;
		};
		30504D502C0B4BCC00F77882 /* Build configuration list for PBXNativeTarget "ImageFeed-IOS" */ = {
			isa = XCConfigurationList;
			buildConfigurations = (
				30504D512C0B4BCC00F77882 /* Debug */,
				30504D522C0B4BCC00F77882 /* Release */,
			);
			defaultConfigurationIsVisible = 0;
			defaultConfigurationName = Release;
		};
		30A1F4022C5E7C24000441F5 /* Build configuration list for PBXNativeTarget "ImageFeed-IOSTests" */ = {
			isa = XCConfigurationList;
			buildConfigurations = (
				30A1F4032C5E7C24000441F5 /* Debug */,
				30A1F4042C5E7C24000441F5 /* Release */,
			);
			defaultConfigurationIsVisible = 0;
			defaultConfigurationName = Release;
		};
		30B1B38E2C763EB400EE4254 /* Build configuration list for PBXNativeTarget "Image Feed-IOSTests" */ = {
			isa = XCConfigurationList;
			buildConfigurations = (
				30B1B38C2C763EB400EE4254 /* Debug */,
				30B1B38D2C763EB400EE4254 /* Release */,
			);
			defaultConfigurationIsVisible = 0;
			defaultConfigurationName = Release;
		};
/* End XCConfigurationList section */

/* Begin XCRemoteSwiftPackageReference section */
		302900432C569DD300E5E537 /* XCRemoteSwiftPackageReference "Kingfisher" */ = {
			isa = XCRemoteSwiftPackageReference;
			repositoryURL = "https://github.com/onevcat/Kingfisher";
			requirement = {
				kind = upToNextMajorVersion;
				minimumVersion = 7.12.0;
			};
		};
		302900462C5A31E700E5E537 /* XCRemoteSwiftPackageReference "SwiftKeychainWrapper" */ = {
			isa = XCRemoteSwiftPackageReference;
			repositoryURL = "https://github.com/jrendel/SwiftKeychainWrapper";
			requirement = {
				kind = upToNextMajorVersion;
				minimumVersion = 4.0.1;
			};
		};
		30AF43162C47ECC000F51E91 /* XCRemoteSwiftPackageReference "ProgressHUD" */ = {
			isa = XCRemoteSwiftPackageReference;
			repositoryURL = "https://github.com/relatedcode/ProgressHUD";
			requirement = {
				kind = upToNextMajorVersion;
				minimumVersion = 14.1.3;
			};
		};
/* End XCRemoteSwiftPackageReference section */

/* Begin XCSwiftPackageProductDependency section */
		302900442C569DD300E5E537 /* Kingfisher */ = {
			isa = XCSwiftPackageProductDependency;
			package = 302900432C569DD300E5E537 /* XCRemoteSwiftPackageReference "Kingfisher" */;
			productName = Kingfisher;
		};
		302900472C5A31E700E5E537 /* SwiftKeychainWrapper */ = {
			isa = XCSwiftPackageProductDependency;
			package = 302900462C5A31E700E5E537 /* XCRemoteSwiftPackageReference "SwiftKeychainWrapper" */;
			productName = SwiftKeychainWrapper;
		};
		30AF43172C47ECC000F51E91 /* ProgressHUD */ = {
			isa = XCSwiftPackageProductDependency;
			package = 30AF43162C47ECC000F51E91 /* XCRemoteSwiftPackageReference "ProgressHUD" */;
			productName = ProgressHUD;
		};
/* End XCSwiftPackageProductDependency section */
	};
	rootObject = 30504D342C0B4BCB00F77882 /* Project object */;
}
